
Microsoft Visual Studio Solution File, Format Version 11.00
# Visual Studio 2010
Project("{FAE04EC0-301F-11D3-BF4B-00C04F79EFBC}") = "InAnInstant", "Assembly-CSharp-firstpass.csproj", "{CCB357DD-52C1-31A5-D935-0CD5851D4848}"
EndProject
Project("{FAE04EC0-301F-11D3-BF4B-00C04F79EFBC}") = "InAnInstant", "Assembly-CSharp-Editor-firstpass.csproj", "{EBDA8CC1-B9EC-BF20-64F1-9E57F9CA02DB}"
EndProject
Global
	GlobalSection(SolutionConfigurationPlatforms) = preSolution
		Debug|Any CPU = Debug|Any CPU
		Release|Any CPU = Release|Any CPU
	EndGlobalSection
	GlobalSection(ProjectConfigurationPlatforms) = postSolution
		{CCB357DD-52C1-31A5-D935-0CD5851D4848}.Debug|Any CPU.ActiveCfg = Debug|Any CPU
		{CCB357DD-52C1-31A5-D935-0CD5851D4848}.Debug|Any CPU.Build.0 = Debug|Any CPU
		{CCB357DD-52C1-31A5-D935-0CD5851D4848}.Release|Any CPU.ActiveCfg = Release|Any CPU
		{CCB357DD-52C1-31A5-D935-0CD5851D4848}.Release|Any CPU.Build.0 = Release|Any CPU
		{EBDA8CC1-B9EC-BF20-64F1-9E57F9CA02DB}.Debug|Any CPU.ActiveCfg = Debug|Any CPU
		{EBDA8CC1-B9EC-BF20-64F1-9E57F9CA02DB}.Debug|Any CPU.Build.0 = Debug|Any CPU
		{EBDA8CC1-B9EC-BF20-64F1-9E57F9CA02DB}.Release|Any CPU.ActiveCfg = Release|Any CPU
		{EBDA8CC1-B9EC-BF20-64F1-9E57F9CA02DB}.Release|Any CPU.Build.0 = Release|Any CPU
	EndGlobalSection
	GlobalSection(SolutionProperties) = preSolution
		HideSolutionNode = FALSE
	EndGlobalSection
	GlobalSection(MonoDevelopProperties) = preSolution
		StartupItem = Assembly-CSharp.csproj
	EndGlobalSection
EndGlobal
